
Microsoft Visual Studio Solution File, Format Version 12.00
# Visual Studio Version 16
VisualStudioVersion = 16.0.31605.320
MinimumVisualStudioVersion = 10.0.40219.1
Project("{9A19103F-16F7-4668-BE54-9A1E7A4F7556}") = "DotNetCoreMaterialsAndComponents.Application", "DotNetCoreMaterialsAndComponents.Application.csproj", "{6ACCEE78-E100-44B5-8F61-049A91C72AA5}"
EndProject
Project("{FAE04EC0-301F-11D3-BF4B-00C04F79EFBC}") = "DotNetCoreMaterialsAndComponents.Infra.Data", "..\DotNetCoreMaterialsAndComponents.Infra.Data\DotNetCoreMaterialsAndComponents.Infra.Data.csproj", "{A099F1B9-59D6-4995-AA30-DED05D89F28F}"
EndProject
Project("{FAE04EC0-301F-11D3-BF4B-00C04F79EFBC}") = "DotNetCoreMaterialsAndComponents.Domain", "..\DotNetCoreMaterialsAndComponents.Domain\DotNetCoreMaterialsAndComponents.Domain.csproj", "{D0FEBFE8-B84F-457A-B52B-0D3312253058}"
EndProject
Project("{FAE04EC0-301F-11D3-BF4B-00C04F79EFBC}") = "DotNetCoreMaterialsAndComponents.Services.Api", "..\DotNetCoreMaterialsAndComponents.Services.Api\DotNetCoreMaterialsAndComponents.Services.Api.csproj", "{E8C976DE-B16A-4BE7-A930-C263F36F4D02}"
EndProject
Global
	GlobalSection(SolutionConfigurationPlatforms) = preSolution
		Debug|Any CPU = Debug|Any CPU
		Release|Any CPU = Release|Any CPU
	EndGlobalSection
	GlobalSection(ProjectConfigurationPlatforms) = postSolution
		{6ACCEE78-E100-44B5-8F61-049A91C72AA5}.Debug|Any CPU.ActiveCfg = Debug|Any CPU
		{6ACCEE78-E100-44B5-8F61-049A91C72AA5}.Debug|Any CPU.Build.0 = Debug|Any CPU
		{6ACCEE78-E100-44B5-8F61-049A91C72AA5}.Release|Any CPU.ActiveCfg = Release|Any CPU
		{6ACCEE78-E100-44B5-8F61-049A91C72AA5}.Release|Any CPU.Build.0 = Release|Any CPU
		{A099F1B9-59D6-4995-AA30-DED05D89F28F}.Debug|Any CPU.ActiveCfg = Debug|Any CPU
		{A099F1B9-59D6-4995-AA30-DED05D89F28F}.Debug|Any CPU.Build.0 = Debug|Any CPU
		{A099F1B9-59D6-4995-AA30-DED05D89F28F}.Release|Any CPU.ActiveCfg = Release|Any CPU
		{A099F1B9-59D6-4995-AA30-DED05D89F28F}.Release|Any CPU.Build.0 = Release|Any CPU
		{D0FEBFE8-B84F-457A-B52B-0D3312253058}.Debug|Any CPU.ActiveCfg = Debug|Any CPU
		{D0FEBFE8-B84F-457A-B52B-0D3312253058}.Debug|Any CPU.Build.0 = Debug|Any CPU
		{D0FEBFE8-B84F-457A-B52B-0D3312253058}.Release|Any CPU.ActiveCfg = Release|Any CPU
		{D0FEBFE8-B84F-457A-B52B-0D3312253058}.Release|Any CPU.Build.0 = Release|Any CPU
		{E8C976DE-B16A-4BE7-A930-C263F36F4D02}.Debug|Any CPU.ActiveCfg = Debug|Any CPU
		{E8C976DE-B16A-4BE7-A930-C263F36F4D02}.Debug|Any CPU.Build.0 = Debug|Any CPU
		{E8C976DE-B16A-4BE7-A930-C263F36F4D02}.Release|Any CPU.ActiveCfg = Release|Any CPU
		{E8C976DE-B16A-4BE7-A930-C263F36F4D02}.Release|Any CPU.Build.0 = Release|Any CPU
	EndGlobalSection
	GlobalSection(SolutionProperties) = preSolution
		HideSolutionNode = FALSE
	EndGlobalSection
	GlobalSection(ExtensibilityGlobals) = postSolution
		SolutionGuid = {F7DB1D7D-84C9-4E01-A6E9-018F8375BFC9}
	EndGlobalSection
EndGlobal
