
Microsoft Visual Studio Solution File, Format Version 12.00
# Visual Studio Version 16
VisualStudioVersion = 16.0.30114.105
MinimumVisualStudioVersion = 10.0.40219.1
Project("{FAE04EC0-301F-11D3-BF4B-00C04F79EFBC}") = "DotNetCoreMaterialsAndComponents.Infra.Data", "..\DotNetCoreMaterialsAndComponents.Infra.Data\DotNetCoreMaterialsAndComponents.Infra.Data.csproj", "{D6B6EBA3-D882-481C-975B-C87AC38B6090}"
EndProject
Project("{FAE04EC0-301F-11D3-BF4B-00C04F79EFBC}") = "DotNetCoreMaterialsAndComponents.API", "DotNetCoreMaterialsAndComponents.API.csproj", "{5C9E6E0C-523E-45C3-A93A-D0968232B0D6}"
EndProject
Project("{FAE04EC0-301F-11D3-BF4B-00C04F79EFBC}") = "DotNetCoreMaterialsAndComponents.Application", "..\DotNetCoreMaterialsAndComponents.Application\DotNetCoreMaterialsAndComponents.Application.csproj", "{1B4F0A17-DF06-4F2F-913D-B323A13D4173}"
EndProject
Global
	GlobalSection(SolutionConfigurationPlatforms) = preSolution
		Debug|Any CPU = Debug|Any CPU
		Debug|x64 = Debug|x64
		Debug|x86 = Debug|x86
		Release|Any CPU = Release|Any CPU
		Release|x64 = Release|x64
		Release|x86 = Release|x86
	EndGlobalSection
	GlobalSection(SolutionProperties) = preSolution
		HideSolutionNode = FALSE
	EndGlobalSection
	GlobalSection(ProjectConfigurationPlatforms) = postSolution
		{D6B6EBA3-D882-481C-975B-C87AC38B6090}.Debug|Any CPU.ActiveCfg = Debug|Any CPU
		{D6B6EBA3-D882-481C-975B-C87AC38B6090}.Debug|Any CPU.Build.0 = Debug|Any CPU
		{D6B6EBA3-D882-481C-975B-C87AC38B6090}.Debug|x64.ActiveCfg = Debug|Any CPU
		{D6B6EBA3-D882-481C-975B-C87AC38B6090}.Debug|x64.Build.0 = Debug|Any CPU
		{D6B6EBA3-D882-481C-975B-C87AC38B6090}.Debug|x86.ActiveCfg = Debug|Any CPU
		{D6B6EBA3-D882-481C-975B-C87AC38B6090}.Debug|x86.Build.0 = Debug|Any CPU
		{D6B6EBA3-D882-481C-975B-C87AC38B6090}.Release|Any CPU.ActiveCfg = Release|Any CPU
		{D6B6EBA3-D882-481C-975B-C87AC38B6090}.Release|Any CPU.Build.0 = Release|Any CPU
		{D6B6EBA3-D882-481C-975B-C87AC38B6090}.Release|x64.ActiveCfg = Release|Any CPU
		{D6B6EBA3-D882-481C-975B-C87AC38B6090}.Release|x64.Build.0 = Release|Any CPU
		{D6B6EBA3-D882-481C-975B-C87AC38B6090}.Release|x86.ActiveCfg = Release|Any CPU
		{D6B6EBA3-D882-481C-975B-C87AC38B6090}.Release|x86.Build.0 = Release|Any CPU
		{5C9E6E0C-523E-45C3-A93A-D0968232B0D6}.Debug|Any CPU.ActiveCfg = Debug|Any CPU
		{5C9E6E0C-523E-45C3-A93A-D0968232B0D6}.Debug|Any CPU.Build.0 = Debug|Any CPU
		{5C9E6E0C-523E-45C3-A93A-D0968232B0D6}.Debug|x64.ActiveCfg = Debug|Any CPU
		{5C9E6E0C-523E-45C3-A93A-D0968232B0D6}.Debug|x64.Build.0 = Debug|Any CPU
		{5C9E6E0C-523E-45C3-A93A-D0968232B0D6}.Debug|x86.ActiveCfg = Debug|Any CPU
		{5C9E6E0C-523E-45C3-A93A-D0968232B0D6}.Debug|x86.Build.0 = Debug|Any CPU
		{5C9E6E0C-523E-45C3-A93A-D0968232B0D6}.Release|Any CPU.ActiveCfg = Release|Any CPU
		{5C9E6E0C-523E-45C3-A93A-D0968232B0D6}.Release|Any CPU.Build.0 = Release|Any CPU
		{5C9E6E0C-523E-45C3-A93A-D0968232B0D6}.Release|x64.ActiveCfg = Release|Any CPU
		{5C9E6E0C-523E-45C3-A93A-D0968232B0D6}.Release|x64.Build.0 = Release|Any CPU
		{5C9E6E0C-523E-45C3-A93A-D0968232B0D6}.Release|x86.ActiveCfg = Release|Any CPU
		{5C9E6E0C-523E-45C3-A93A-D0968232B0D6}.Release|x86.Build.0 = Release|Any CPU
		{1B4F0A17-DF06-4F2F-913D-B323A13D4173}.Debug|Any CPU.ActiveCfg = Debug|Any CPU
		{1B4F0A17-DF06-4F2F-913D-B323A13D4173}.Debug|Any CPU.Build.0 = Debug|Any CPU
		{1B4F0A17-DF06-4F2F-913D-B323A13D4173}.Debug|x64.ActiveCfg = Debug|Any CPU
		{1B4F0A17-DF06-4F2F-913D-B323A13D4173}.Debug|x64.Build.0 = Debug|Any CPU
		{1B4F0A17-DF06-4F2F-913D-B323A13D4173}.Debug|x86.ActiveCfg = Debug|Any CPU
		{1B4F0A17-DF06-4F2F-913D-B323A13D4173}.Debug|x86.Build.0 = Debug|Any CPU
		{1B4F0A17-DF06-4F2F-913D-B323A13D4173}.Release|Any CPU.ActiveCfg = Release|Any CPU
		{1B4F0A17-DF06-4F2F-913D-B323A13D4173}.Release|Any CPU.Build.0 = Release|Any CPU
		{1B4F0A17-DF06-4F2F-913D-B323A13D4173}.Release|x64.ActiveCfg = Release|Any CPU
		{1B4F0A17-DF06-4F2F-913D-B323A13D4173}.Release|x64.Build.0 = Release|Any CPU
		{1B4F0A17-DF06-4F2F-913D-B323A13D4173}.Release|x86.ActiveCfg = Release|Any CPU
		{1B4F0A17-DF06-4F2F-913D-B323A13D4173}.Release|x86.Build.0 = Release|Any CPU
	EndGlobalSection
EndGlobal
