
Microsoft Visual Studio Solution File, Format Version 12.00
# Visual Studio Version 16
VisualStudioVersion = 16.0.31605.320
MinimumVisualStudioVersion = 10.0.40219.1
Project("{FAE04EC0-301F-11D3-BF4B-00C04F79EFBC}") = "DotNetCoreMaterialsAndComponents.Infra.Data", "DotNetCoreMaterialsAndComponents.Infra.Data.csproj", "{4731ECE3-C79F-4BD5-A1D6-1F8048BCDF01}"
EndProject
Global
	GlobalSection(SolutionConfigurationPlatforms) = preSolution
		Debug|Any CPU = Debug|Any CPU
		Release|Any CPU = Release|Any CPU
	EndGlobalSection
	GlobalSection(ProjectConfigurationPlatforms) = postSolution
		{4731ECE3-C79F-4BD5-A1D6-1F8048BCDF01}.Debug|Any CPU.ActiveCfg = Debug|Any CPU
		{4731ECE3-C79F-4BD5-A1D6-1F8048BCDF01}.Debug|Any CPU.Build.0 = Debug|Any CPU
		{4731ECE3-C79F-4BD5-A1D6-1F8048BCDF01}.Release|Any CPU.ActiveCfg = Release|Any CPU
		{4731ECE3-C79F-4BD5-A1D6-1F8048BCDF01}.Release|Any CPU.Build.0 = Release|Any CPU
	EndGlobalSection
	GlobalSection(SolutionProperties) = preSolution
		HideSolutionNode = FALSE
	EndGlobalSection
	GlobalSection(ExtensibilityGlobals) = postSolution
		SolutionGuid = {6A8D2DF3-CD0C-4EA1-A271-3E6CCAC31295}
	EndGlobalSection
EndGlobal
